
Microsoft Visual Studio Solution File, Format Version 12.00
# Visual Studio Version 16
VisualStudioVersion = 16.0.31702.278
MinimumVisualStudioVersion = 10.0.40219.1
Project("{FAE04EC0-301F-11D3-BF4B-00C04F79EFBC}") = "Editor", "Editor\Editor.csproj", "{739684C4-93FB-4D27-97D7-C9C0E33BA117}"
EndProject
Project("{FAE04EC0-301F-11D3-BF4B-00C04F79EFBC}") = "EditorTests", "EditorTests\EditorTests.csproj", "{EB4CCFDD-30D6-46E0-8B19-6C94346CACDD}"
EndProject
Global
	GlobalSection(SolutionConfigurationPlatforms) = preSolution
		Debug|Any CPU = Debug|Any CPU
		Release|Any CPU = Release|Any CPU
	EndGlobalSection
	GlobalSection(ProjectConfigurationPlatforms) = postSolution
		{739684C4-93FB-4D27-97D7-C9C0E33BA117}.Debug|Any CPU.ActiveCfg = Debug|Any CPU
		{739684C4-93FB-4D27-97D7-C9C0E33BA117}.Debug|Any CPU.Build.0 = Debug|Any CPU
		{739684C4-93FB-4D27-97D7-C9C0E33BA117}.Release|Any CPU.ActiveCfg = Release|Any CPU
		{739684C4-93FB-4D27-97D7-C9C0E33BA117}.Release|Any CPU.Build.0 = Release|Any CPU
		{EB4CCFDD-30D6-46E0-8B19-6C94346CACDD}.Debug|Any CPU.ActiveCfg = Debug|Any CPU
		{EB4CCFDD-30D6-46E0-8B19-6C94346CACDD}.Debug|Any CPU.Build.0 = Debug|Any CPU
		{EB4CCFDD-30D6-46E0-8B19-6C94346CACDD}.Release|Any CPU.ActiveCfg = Release|Any CPU
		{EB4CCFDD-30D6-46E0-8B19-6C94346CACDD}.Release|Any CPU.Build.0 = Release|Any CPU
	EndGlobalSection
	GlobalSection(SolutionProperties) = preSolution
		HideSolutionNode = FALSE
	EndGlobalSection
	GlobalSection(ExtensibilityGlobals) = postSolution
		SolutionGuid = {F0AC8CD7-64A8-4933-B735-46910F0E7011}
	EndGlobalSection
EndGlobal
