
Microsoft Visual Studio Solution File, Format Version 12.00
# Visual Studio Version 16
VisualStudioVersion = 16.0.31702.278
MinimumVisualStudioVersion = 10.0.40219.1
Project("{9A19103F-16F7-4668-BE54-9A1E7A4F7556}") = "Editor", "Editor\Editor.csproj", "{739684C4-93FB-4D27-97D7-C9C0E33BA117}"
EndProject
Project("{FAE04EC0-301F-11D3-BF4B-00C04F79EFBC}") = "API.UnitTests", "API.UnitTests\API.UnitTests.csproj", "{2E3D9155-457E-4734-90DF-9377236BBE92}"
EndProject
Project("{FAE04EC0-301F-11D3-BF4B-00C04F79EFBC}") = "API.IntegrationTests", "API.IntegrationTests\API.IntegrationTests.csproj", "{5A658776-CA84-4F7D-A4B7-A129308D713A}"
EndProject
Global
	GlobalSection(SolutionConfigurationPlatforms) = preSolution
		Debug|Any CPU = Debug|Any CPU
		Release|Any CPU = Release|Any CPU
	EndGlobalSection
	GlobalSection(ProjectConfigurationPlatforms) = postSolution
		{739684C4-93FB-4D27-97D7-C9C0E33BA117}.Debug|Any CPU.ActiveCfg = Debug|Any CPU
		{739684C4-93FB-4D27-97D7-C9C0E33BA117}.Debug|Any CPU.Build.0 = Debug|Any CPU
		{739684C4-93FB-4D27-97D7-C9C0E33BA117}.Release|Any CPU.ActiveCfg = Release|Any CPU
		{739684C4-93FB-4D27-97D7-C9C0E33BA117}.Release|Any CPU.Build.0 = Release|Any CPU
		{2E3D9155-457E-4734-90DF-9377236BBE92}.Debug|Any CPU.ActiveCfg = Debug|Any CPU
		{2E3D9155-457E-4734-90DF-9377236BBE92}.Debug|Any CPU.Build.0 = Debug|Any CPU
		{2E3D9155-457E-4734-90DF-9377236BBE92}.Release|Any CPU.ActiveCfg = Release|Any CPU
		{2E3D9155-457E-4734-90DF-9377236BBE92}.Release|Any CPU.Build.0 = Release|Any CPU
		{5A658776-CA84-4F7D-A4B7-A129308D713A}.Debug|Any CPU.ActiveCfg = Debug|Any CPU
		{5A658776-CA84-4F7D-A4B7-A129308D713A}.Debug|Any CPU.Build.0 = Debug|Any CPU
		{5A658776-CA84-4F7D-A4B7-A129308D713A}.Release|Any CPU.ActiveCfg = Release|Any CPU
		{5A658776-CA84-4F7D-A4B7-A129308D713A}.Release|Any CPU.Build.0 = Release|Any CPU
	EndGlobalSection
	GlobalSection(SolutionProperties) = preSolution
		HideSolutionNode = FALSE
	EndGlobalSection
	GlobalSection(ExtensibilityGlobals) = postSolution
		SolutionGuid = {F0AC8CD7-64A8-4933-B735-46910F0E7011}
	EndGlobalSection
EndGlobal
